{
  "name": "webglet",
  "version": "0.3.1",
  "lockfileVersion": 1,
  "requires": true,
  "dependencies": {
    "webgl-debug": {
      "version": "2.0.1",
      "resolved": "https://registry.npmjs.org/webgl-debug/-/webgl-debug-2.0.1.tgz",
      "integrity": "sha512-G7BOpMmqdc31X1nb3eqwVxw/v1MNV/ulgw7Bs+7+a/sn+fC0d0OiMkerA55C6+3BL2vULyJ3kZLPcEL5GbXzhw=="
    }
  }
}
